
Microsoft Visual Studio Solution File, Format Version 12.00
# Visual Studio Version 17
VisualStudioVersion = 17.3.32929.385
MinimumVisualStudioVersion = 10.0.40219.1
Project("{9A19103F-16F7-4668-BE54-9A1E7A4F7556}") = "Module4.1.4", "Module4.1.1\Module4.1.4.csproj", "{DE62A473-0228-43A1-A038-5B51E5ED56FB}"
EndProject
Project("{9A19103F-16F7-4668-BE54-9A1E7A4F7556}") = "Module4.1.5", "Module4.1.5\Module4.1.5.csproj", "{02F79165-9A9D-4AE2-9218-BF7B336E4547}"
EndProject
Project("{FAE04EC0-301F-11D3-BF4B-00C04F79EFBC}") = "Module4.1.17", "Module4.1.17\Module4.1.17.csproj", "{B8F09821-A46F-488C-8939-118C5C16B9F4}"
EndProject
Global
	GlobalSection(SolutionConfigurationPlatforms) = preSolution
		Debug|Any CPU = Debug|Any CPU
		Release|Any CPU = Release|Any CPU
	EndGlobalSection
	GlobalSection(ProjectConfigurationPlatforms) = postSolution
		{DE62A473-0228-43A1-A038-5B51E5ED56FB}.Debug|Any CPU.ActiveCfg = Debug|Any CPU
		{DE62A473-0228-43A1-A038-5B51E5ED56FB}.Debug|Any CPU.Build.0 = Debug|Any CPU
		{DE62A473-0228-43A1-A038-5B51E5ED56FB}.Release|Any CPU.ActiveCfg = Release|Any CPU
		{DE62A473-0228-43A1-A038-5B51E5ED56FB}.Release|Any CPU.Build.0 = Release|Any CPU
		{02F79165-9A9D-4AE2-9218-BF7B336E4547}.Debug|Any CPU.ActiveCfg = Debug|Any CPU
		{02F79165-9A9D-4AE2-9218-BF7B336E4547}.Debug|Any CPU.Build.0 = Debug|Any CPU
		{02F79165-9A9D-4AE2-9218-BF7B336E4547}.Release|Any CPU.ActiveCfg = Release|Any CPU
		{02F79165-9A9D-4AE2-9218-BF7B336E4547}.Release|Any CPU.Build.0 = Release|Any CPU
		{B8F09821-A46F-488C-8939-118C5C16B9F4}.Debug|Any CPU.ActiveCfg = Debug|Any CPU
		{B8F09821-A46F-488C-8939-118C5C16B9F4}.Debug|Any CPU.Build.0 = Debug|Any CPU
		{B8F09821-A46F-488C-8939-118C5C16B9F4}.Release|Any CPU.ActiveCfg = Release|Any CPU
		{B8F09821-A46F-488C-8939-118C5C16B9F4}.Release|Any CPU.Build.0 = Release|Any CPU
	EndGlobalSection
	GlobalSection(SolutionProperties) = preSolution
		HideSolutionNode = FALSE
	EndGlobalSection
	GlobalSection(ExtensibilityGlobals) = postSolution
		SolutionGuid = {B804752C-AB37-4EFA-A1E6-5EF425598FF5}
	EndGlobalSection
EndGlobal
